// !$*UTF8*$!
{
	archiveVersion = 1;
	classes = {
	};
	objectVersion = 48;
	objects = {

/* Begin PBXBuildFile section */
		1D8ED5B11FB50DF80008ACF3 /* AppDelegate.swift in Sources */ = {isa = PBXBuildFile; fileRef = 1D8ED5B01FB50DF80008ACF3 /* AppDelegate.swift */; };
		1D8ED5B31FB50DF80008ACF3 /* ViewController.swift in Sources */ = {isa = PBXBuildFile; fileRef = 1D8ED5B21FB50DF80008ACF3 /* ViewController.swift */; };
		1D8ED5B61FB50DF80008ACF3 /* Main.storyboard in Resources */ = {isa = PBXBuildFile; fileRef = 1D8ED5B41FB50DF80008ACF3 /* Main.storyboard */; };
		1D8ED5B91FB50DF80008ACF3 /* AudioTestApp.xcdatamodeld in Sources */ = {isa = PBXBuildFile; fileRef = 1D8ED5B71FB50DF80008ACF3 /* AudioTestApp.xcdatamodeld */; };
		1D8ED5BB1FB50DF80008ACF3 /* Assets.xcassets in Resources */ = {isa = PBXBuildFile; fileRef = 1D8ED5BA1FB50DF80008ACF3 /* Assets.xcassets */; };
		1D8ED5BE1FB50DF80008ACF3 /* LaunchScreen.storyboard in Resources */ = {isa = PBXBuildFile; fileRef = 1D8ED5BC1FB50DF80008ACF3 /* LaunchScreen.storyboard */; };
		1D8ED5C91FB50DF80008ACF3 /* AudioTestAppTests.swift in Sources */ = {isa = PBXBuildFile; fileRef = 1D8ED5C81FB50DF80008ACF3 /* AudioTestAppTests.swift */; };
		1D8ED5D41FB50DF80008ACF3 /* AudioTestAppUITests.swift in Sources */ = {isa = PBXBuildFile; fileRef = 1D8ED5D31FB50DF80008ACF3 /* AudioTestAppUITests.swift */; };
		1D8ED5E21FB5138E0008ACF3 /* AudioEngine.swift in Sources */ = {isa = PBXBuildFile; fileRef = 1D8ED5E11FB5138E0008ACF3 /* AudioEngine.swift */; };
/* End PBXBuildFile section */

/* Begin PBXContainerItemProxy section */
		1D8ED5C51FB50DF80008ACF3 /* PBXContainerItemProxy */ = {
			isa = PBXContainerItemProxy;
			containerPortal = 1D8ED5A51FB50DF80008ACF3 /* Project object */;
			proxyType = 1;
			remoteGlobalIDString = 1D8ED5AC1FB50DF80008ACF3;
			remoteInfo = AudioTestApp;
		};
		1D8ED5D01FB50DF80008ACF3 /* PBXContainerItemProxy */ = {
			isa = PBXContainerItemProxy;
			containerPortal = 1D8ED5A51FB50DF80008ACF3 /* Project object */;
			proxyType = 1;
			remoteGlobalIDString = 1D8ED5AC1FB50DF80008ACF3;
			remoteInfo = AudioTestApp;
		};
/* End PBXContainerItemProxy section */

/* Begin PBXFileReference section */
		1D8ED5AD1FB50DF80008ACF3 /* AudioTestApp.app */ = {isa = PBXFileReference; explicitFileType = wrapper.application; includeInIndex = 0; path = AudioTestApp.app; sourceTree = BUILT_PRODUCTS_DIR; };
		1D8ED5B01FB50DF80008ACF3 /* AppDelegate.swift */ = {isa = PBXFileReference; lastKnownFileType = sourcecode.swift; path = AppDelegate.swift; sourceTree = "<group>"; };
		1D8ED5B21FB50DF80008ACF3 /* ViewController.swift */ = {isa = PBXFileReference; lastKnownFileType = sourcecode.swift; path = ViewController.swift; sourceTree = "<group>"; };
		1D8ED5B51FB50DF80008ACF3 /* Base */ = {isa = PBXFileReference; lastKnownFileType = file.storyboard; name = Base; path = Base.lproj/Main.storyboard; sourceTree = "<group>"; };
		1D8ED5B81FB50DF80008ACF3 /* AudioTestApp.xcdatamodel */ = {isa = PBXFileReference; lastKnownFileType = wrapper.xcdatamodel; path = AudioTestApp.xcdatamodel; sourceTree = "<group>"; };
		1D8ED5BA1FB50DF80008ACF3 /* Assets.xcassets */ = {isa = PBXFileReference; lastKnownFileType = folder.assetcatalog; path = Assets.xcassets; sourceTree = "<group>"; };
		1D8ED5BD1FB50DF80008ACF3 /* Base */ = {isa = PBXFileReference; lastKnownFileType = file.storyboard; name = Base; path = Base.lproj/LaunchScreen.storyboard; sourceTree = "<group>"; };
		1D8ED5BF1FB50DF80008ACF3 /* Info.plist */ = {isa = PBXFileReference; lastKnownFileType = text.plist.xml; path = Info.plist; sourceTree = "<group>"; };
		1D8ED5C41FB50DF80008ACF3 /* AudioTestAppTests.xctest */ = {isa = PBXFileReference; explicitFileType = wrapper.cfbundle; includeInIndex = 0; path = AudioTestAppTests.xctest; sourceTree = BUILT_PRODUCTS_DIR; };
		1D8ED5C81FB50DF80008ACF3 /* AudioTestAppTests.swift */ = {isa = PBXFileReference; lastKnownFileType = sourcecode.swift; path = AudioTestAppTests.swift; sourceTree = "<group>"; };
		1D8ED5CA1FB50DF80008ACF3 /* Info.plist */ = {isa = PBXFileReference; lastKnownFileType = text.plist.xml; path = Info.plist; sourceTree = "<group>"; };
		1D8ED5CF1FB50DF80008ACF3 /* AudioTestAppUITests.xctest */ = {isa = PBXFileReference; explicitFileType = wrapper.cfbundle; includeInIndex = 0; path = AudioTestAppUITests.xctest; sourceTree = BUILT_PRODUCTS_DIR; };
		1D8ED5D31FB50DF80008ACF3 /* AudioTestAppUITests.swift */ = {isa = PBXFileReference; lastKnownFileType = sourcecode.swift; path = AudioTestAppUITests.swift; sourceTree = "<group>"; };
		1D8ED5D51FB50DF80008ACF3 /* Info.plist */ = {isa = PBXFileReference; lastKnownFileType = text.plist.xml; path = Info.plist; sourceTree = "<group>"; };
		1D8ED5E11FB5138E0008ACF3 /* AudioEngine.swift */ = {isa = PBXFileReference; lastKnownFileType = sourcecode.swift; path = AudioEngine.swift; sourceTree = "<group>"; };
/* End PBXFileReference section */

/* Begin PBXFrameworksBuildPhase section */
		1D8ED5AA1FB50DF80008ACF3 /* Frameworks */ = {
			isa = PBXFrameworksBuildPhase;
			buildActionMask = 2147483647;
			files = (
			);
			runOnlyForDeploymentPostprocessing = 0;
		};
		1D8ED5C11FB50DF80008ACF3 /* Frameworks */ = {
			isa = PBXFrameworksBuildPhase;
			buildActionMask = 2147483647;
			files = (
			);
			runOnlyForDeploymentPostprocessing = 0;
		};
		1D8ED5CC1FB50DF80008ACF3 /* Frameworks */ = {
			isa = PBXFrameworksBuildPhase;
			buildActionMask = 2147483647;
			files = (
			);
			runOnlyForDeploymentPostprocessing = 0;
		};
/* End PBXFrameworksBuildPhase section */

/* Begin PBXGroup section */
		1D8ED5A41FB50DF80008ACF3 = {
			isa = PBXGroup;
			children = (
				1D8ED5AF1FB50DF80008ACF3 /* AudioTestApp */,
				1D8ED5C71FB50DF80008ACF3 /* AudioTestAppTests */,
				1D8ED5D21FB50DF80008ACF3 /* AudioTestAppUITests */,
				1D8ED5AE1FB50DF80008ACF3 /* Products */,
			);
			sourceTree = "<group>";
		};
		1D8ED5AE1FB50DF80008ACF3 /* Products */ = {
			isa = PBXGroup;
			children = (
				1D8ED5AD1FB50DF80008ACF3 /* AudioTestApp.app */,
				1D8ED5C41FB50DF80008ACF3 /* AudioTestAppTests.xctest */,
				1D8ED5CF1FB50DF80008ACF3 /* AudioTestAppUITests.xctest */,
			);
			name = Products;
			sourceTree = "<group>";
		};
		1D8ED5AF1FB50DF80008ACF3 /* AudioTestApp */ = {
			isa = PBXGroup;
			children = (
				1D8ED5B01FB50DF80008ACF3 /* AppDelegate.swift */,
				1D8ED5B21FB50DF80008ACF3 /* ViewController.swift */,
				1D8ED5B41FB50DF80008ACF3 /* Main.storyboard */,
				1D8ED5BA1FB50DF80008ACF3 /* Assets.xcassets */,
				1D8ED5BC1FB50DF80008ACF3 /* LaunchScreen.storyboard */,
				1D8ED5BF1FB50DF80008ACF3 /* Info.plist */,
				1D8ED5B71FB50DF80008ACF3 /* AudioTestApp.xcdatamodeld */,
				1D8ED5E11FB5138E0008ACF3 /* AudioEngine.swift */,
			);
			path = AudioTestApp;
			sourceTree = "<group>";
		};
		1D8ED5C71FB50DF80008ACF3 /* AudioTestAppTests */ = {
			isa = PBXGroup;
			children = (
				1D8ED5C81FB50DF80008ACF3 /* AudioTestAppTests.swift */,
				1D8ED5CA1FB50DF80008ACF3 /* Info.plist */,
			);
			path = AudioTestAppTests;
			sourceTree = "<group>";
		};
		1D8ED5D21FB50DF80008ACF3 /* AudioTestAppUITests */ = {
			isa = PBXGroup;
			children = (
				1D8ED5D31FB50DF80008ACF3 /* AudioTestAppUITests.swift */,
				1D8ED5D51FB50DF80008ACF3 /* Info.plist */,
			);
			path = AudioTestAppUITests;
			sourceTree = "<group>";
		};
/* End PBXGroup section */

/* Begin PBXNativeTarget section */
		1D8ED5AC1FB50DF80008ACF3 /* AudioTestApp */ = {
			isa = PBXNativeTarget;
			buildConfigurationList = 1D8ED5D81FB50DF80008ACF3 /* Build configuration list for PBXNativeTarget "AudioTestApp" */;
			buildPhases = (
				1D8ED5A91FB50DF80008ACF3 /* Sources */,
				1D8ED5AA1FB50DF80008ACF3 /* Frameworks */,
				1D8ED5AB1FB50DF80008ACF3 /* Resources */,
			);
			buildRules = (
			);
			dependencies = (
			);
			name = AudioTestApp;
			productName = AudioTestApp;
			productReference = 1D8ED5AD1FB50DF80008ACF3 /* AudioTestApp.app */;
			productType = "com.apple.product-type.application";
		};
		1D8ED5C31FB50DF80008ACF3 /* AudioTestAppTests */ = {
			isa = PBXNativeTarget;
			buildConfigurationList = 1D8ED5DB1FB50DF80008ACF3 /* Build configuration list for PBXNativeTarget "AudioTestAppTests" */;
			buildPhases = (
				1D8ED5C01FB50DF80008ACF3 /* Sources */,
				1D8ED5C11FB50DF80008ACF3 /* Frameworks */,
				1D8ED5C21FB50DF80008ACF3 /* Resources */,
			);
			buildRules = (
			);
			dependencies = (
				1D8ED5C61FB50DF80008ACF3 /* PBXTargetDependency */,
			);
			name = AudioTestAppTests;
			productName = AudioTestAppTests;
			productReference = 1D8ED5C41FB50DF80008ACF3 /* AudioTestAppTests.xctest */;
			productType = "com.apple.product-type.bundle.unit-test";
		};
		1D8ED5CE1FB50DF80008ACF3 /* AudioTestAppUITests */ = {
			isa = PBXNativeTarget;
			buildConfigurationList = 1D8ED5DE1FB50DF80008ACF3 /* Build configuration list for PBXNativeTarget "AudioTestAppUITests" */;
			buildPhases = (
				1D8ED5CB1FB50DF80008ACF3 /* Sources */,
				1D8ED5CC1FB50DF80008ACF3 /* Frameworks */,
				1D8ED5CD1FB50DF80008ACF3 /* Resources */,
			);
			buildRules = (
			);
			dependencies = (
				1D8ED5D11FB50DF80008ACF3 /* PBXTargetDependency */,
			);
			name = AudioTestAppUITests;
			productName = AudioTestAppUITests;
			productReference = 1D8ED5CF1FB50DF80008ACF3 /* AudioTestAppUITests.xctest */;
			productType = "com.apple.product-type.bundle.ui-testing";
		};
/* End PBXNativeTarget section */

/* Begin PBXProject section */
		1D8ED5A51FB50DF80008ACF3 /* Project object */ = {
			isa = PBXProject;
			attributes = {
				LastSwiftUpdateCheck = 0910;
				LastUpgradeCheck = 0910;
				ORGANIZATIONNAME = "Travis Roberson";
				TargetAttributes = {
					1D8ED5AC1FB50DF80008ACF3 = {
						CreatedOnToolsVersion = 9.1;
						ProvisioningStyle = Automatic;
					};
					1D8ED5C31FB50DF80008ACF3 = {
						CreatedOnToolsVersion = 9.1;
						ProvisioningStyle = Automatic;
						TestTargetID = 1D8ED5AC1FB50DF80008ACF3;
					};
					1D8ED5CE1FB50DF80008ACF3 = {
						CreatedOnToolsVersion = 9.1;
						ProvisioningStyle = Automatic;
						TestTargetID = 1D8ED5AC1FB50DF80008ACF3;
					};
				};
			};
			buildConfigurationList = 1D8ED5A81FB50DF80008ACF3 /* Build configuration list for PBXProject "AudioTestApp" */;
			compatibilityVersion = "Xcode 8.0";
			developmentRegion = en;
			hasScannedForEncodings = 0;
			knownRegions = (
				en,
				Base,
			);
			mainGroup = 1D8ED5A41FB50DF80008ACF3;
			productRefGroup = 1D8ED5AE1FB50DF80008ACF3 /* Products */;
			projectDirPath = "";
			projectRoot = "";
			targets = (
				1D8ED5AC1FB50DF80008ACF3 /* AudioTestApp */,
				1D8ED5C31FB50DF80008ACF3 /* AudioTestAppTests */,
				1D8ED5CE1FB50DF80008ACF3 /* AudioTestAppUITests */,
			);
		};
/* End PBXProject section */

/* Begin PBXResourcesBuildPhase section */
		1D8ED5AB1FB50DF80008ACF3 /* Resources */ = {
			isa = PBXResourcesBuildPhase;
			buildActionMask = 2147483647;
			files = (
				1D8ED5BE1FB50DF80008ACF3 /* LaunchScreen.storyboard in Resources */,
				1D8ED5BB1FB50DF80008ACF3 /* Assets.xcassets in Resources */,
				1D8ED5B61FB50DF80008ACF3 /* Main.storyboard in Resources */,
			);
			runOnlyForDeploymentPostprocessing = 0;
		};
		1D8ED5C21FB50DF80008ACF3 /* Resources */ = {
			isa = PBXResourcesBuildPhase;
			buildActionMask = 2147483647;
			files = (
			);
			runOnlyForDeploymentPostprocessing = 0;
		};
		1D8ED5CD1FB50DF80008ACF3 /* Resources */ = {
			isa = PBXResourcesBuildPhase;
			buildActionMask = 2147483647;
			files = (
			);
			runOnlyForDeploymentPostprocessing = 0;
		};
/* End PBXResourcesBuildPhase section */

/* Begin PBXSourcesBuildPhase section */
		1D8ED5A91FB50DF80008ACF3 /* Sources */ = {
			isa = PBXSourcesBuildPhase;
			buildActionMask = 2147483647;
			files = (
				1D8ED5B31FB50DF80008ACF3 /* ViewController.swift in Sources */,
				1D8ED5E21FB5138E0008ACF3 /* AudioEngine.swift in Sources */,
				1D8ED5B11FB50DF80008ACF3 /* AppDelegate.swift in Sources */,
				1D8ED5B91FB50DF80008ACF3 /* AudioTestApp.xcdatamodeld in Sources */,
			);
			runOnlyForDeploymentPostprocessing = 0;
		};
		1D8ED5C01FB50DF80008ACF3 /* Sources */ = {
			isa = PBXSourcesBuildPhase;
			buildActionMask = 2147483647;
			files = (
				1D8ED5C91FB50DF80008ACF3 /* AudioTestAppTests.swift in Sources */,
			);
			runOnlyForDeploymentPostprocessing = 0;
		};
		1D8ED5CB1FB50DF80008ACF3 /* Sources */ = {
			isa = PBXSourcesBuildPhase;
			buildActionMask = 2147483647;
			files = (
				1D8ED5D41FB50DF80008ACF3 /* AudioTestAppUITests.swift in Sources */,
			);
			runOnlyForDeploymentPostprocessing = 0;
		};
/* End PBXSourcesBuildPhase section */

/* Begin PBXTargetDependency section */
		1D8ED5C61FB50DF80008ACF3 /* PBXTargetDependency */ = {
			isa = PBXTargetDependency;
			target = 1D8ED5AC1FB50DF80008ACF3 /* AudioTestApp */;
			targetProxy = 1D8ED5C51FB50DF80008ACF3 /* PBXContainerItemProxy */;
		};
		1D8ED5D11FB50DF80008ACF3 /* PBXTargetDependency */ = {
			isa = PBXTargetDependency;
			target = 1D8ED5AC1FB50DF80008ACF3 /* AudioTestApp */;
			targetProxy = 1D8ED5D01FB50DF80008ACF3 /* PBXContainerItemProxy */;
		};
/* End PBXTargetDependency section */

/* Begin PBXVariantGroup section */
		1D8ED5B41FB50DF80008ACF3 /* Main.storyboard */ = {
			isa = PBXVariantGroup;
			children = (
				1D8ED5B51FB50DF80008ACF3 /* Base */,
			);
			name = Main.storyboard;
			sourceTree = "<group>";
		};
		1D8ED5BC1FB50DF80008ACF3 /* LaunchScreen.storyboard */ = {
			isa = PBXVariantGroup;
			children = (
				1D8ED5BD1FB50DF80008ACF3 /* Base */,
			);
			name = LaunchScreen.storyboard;
			sourceTree = "<group>";
		};
/* End PBXVariantGroup section */

/* Begin XCBuildConfiguration section */
		1D8ED5D61FB50DF80008ACF3 /* Debug */ = {
			isa = XCBuildConfiguration;
			buildSettings = {
				ALWAYS_SEARCH_USER_PATHS = NO;
				CLANG_ANALYZER_NONNULL = YES;
				CLANG_ANALYZER_NUMBER_OBJECT_CONVERSION = YES_AGGRESSIVE;
				CLANG_CXX_LANGUAGE_STANDARD = "gnu++14";
				CLANG_CXX_LIBRARY = "libc++";
				CLANG_ENABLE_MODULES = YES;
				CLANG_ENABLE_OBJC_ARC = YES;
				CLANG_WARN_BLOCK_CAPTURE_AUTORELEASING = YES;
				CLANG_WARN_BOOL_CONVERSION = YES;
				CLANG_WARN_COMMA = YES;
				CLANG_WARN_CONSTANT_CONVERSION = YES;
				CLANG_WARN_DIRECT_OBJC_ISA_USAGE = YES_ERROR;
				CLANG_WARN_DOCUMENTATION_COMMENTS = YES;
				CLANG_WARN_EMPTY_BODY = YES;
				CLANG_WARN_ENUM_CONVERSION = YES;
				CLANG_WARN_INFINITE_RECURSION = YES;
				CLANG_WARN_INT_CONVERSION = YES;
				CLANG_WARN_NON_LITERAL_NULL_CONVERSION = YES;
				CLANG_WARN_OBJC_LITERAL_CONVERSION = YES;
				CLANG_WARN_OBJC_ROOT_CLASS = YES_ERROR;
				CLANG_WARN_RANGE_LOOP_ANALYSIS = YES;
				CLANG_WARN_STRICT_PROTOTYPES = YES;
				CLANG_WARN_SUSPICIOUS_MOVE = YES;
				CLANG_WARN_UNGUARDED_AVAILABILITY = YES_AGGRESSIVE;
				CLANG_WARN_UNREACHABLE_CODE = YES;
				CLANG_WARN__DUPLICATE_METHOD_MATCH = YES;
				CODE_SIGN_IDENTITY = "iPhone Developer";
				COPY_PHASE_STRIP = NO;
				DEBUG_INFORMATION_FORMAT = dwarf;
				ENABLE_STRICT_OBJC_MSGSEND = YES;
				ENABLE_TESTABILITY = YES;
				GCC_C_LANGUAGE_STANDARD = gnu11;
				GCC_DYNAMIC_NO_PIC = NO;
				GCC_NO_COMMON_BLOCKS = YES;
				GCC_OPTIMIZATION_LEVEL = 0;
				GCC_PREPROCESSOR_DEFINITIONS = (
					"DEBUG=1",
					"$(inherited)",
				);
				GCC_WARN_64_TO_32_BIT_CONVERSION = YES;
				GCC_WARN_ABOUT_RETURN_TYPE = YES_ERROR;
				GCC_WARN_UNDECLARED_SELECTOR = YES;
				GCC_WARN_UNINITIALIZED_AUTOS = YES_AGGRESSIVE;
				GCC_WARN_UNUSED_FUNCTION = YES;
				GCC_WARN_UNUSED_VARIABLE = YES;
				IPHONEOS_DEPLOYMENT_TARGET = 11.1;
				MTL_ENABLE_DEBUG_INFO = YES;
				ONLY_ACTIVE_ARCH = YES;
				SDKROOT = iphoneos;
				SWIFT_ACTIVE_COMPILATION_CONDITIONS = DEBUG;
				SWIFT_OPTIMIZATION_LEVEL = "-Onone";
			};
			name = Debug;
		};
		1D8ED5D71FB50DF80008ACF3 /* Release */ = {
			isa = XCBuildConfiguration;
			buildSettings = {
				ALWAYS_SEARCH_USER_PATHS = NO;
				CLANG_ANALYZER_NONNULL = YES;
				CLANG_ANALYZER_NUMBER_OBJECT_CONVERSION = YES_AGGRESSIVE;
				CLANG_CXX_LANGUAGE_STANDARD = "gnu++14";
				CLANG_CXX_LIBRARY = "libc++";
				CLANG_ENABLE_MODULES = YES;
				CLANG_ENABLE_OBJC_ARC = YES;
				CLANG_WARN_BLOCK_CAPTURE_AUTORELEASING = YES;
				CLANG_WARN_BOOL_CONVERSION = YES;
				CLANG_WARN_COMMA = YES;
				CLANG_WARN_CONSTANT_CONVERSION = YES;
				CLANG_WARN_DIRECT_OBJC_ISA_USAGE = YES_ERROR;
				CLANG_WARN_DOCUMENTATION_COMMENTS = YES;
				CLANG_WARN_EMPTY_BODY = YES;
				CLANG_WARN_ENUM_CONVERSION = YES;
				CLANG_WARN_INFINITE_RECURSION = YES;
				CLANG_WARN_INT_CONVERSION = YES;
				CLANG_WARN_NON_LITERAL_NULL_CONVERSION = YES;
				CLANG_WARN_OBJC_LITERAL_CONVERSION = YES;
				CLANG_WARN_OBJC_ROOT_CLASS = YES_ERROR;
				CLANG_WARN_RANGE_LOOP_ANALYSIS = YES;
				CLANG_WARN_STRICT_PROTOTYPES = YES;
				CLANG_WARN_SUSPICIOUS_MOVE = YES;
				CLANG_WARN_UNGUARDED_AVAILABILITY = YES_AGGRESSIVE;
				CLANG_WARN_UNREACHABLE_CODE = YES;
				CLANG_WARN__DUPLICATE_METHOD_MATCH = YES;
				CODE_SIGN_IDENTITY = "iPhone Developer";
				COPY_PHASE_STRIP = NO;
				DEBUG_INFORMATION_FORMAT = "dwarf-with-dsym";
				ENABLE_NS_ASSERTIONS = NO;
				ENABLE_STRICT_OBJC_MSGSEND = YES;
				GCC_C_LANGUAGE_STANDARD = gnu11;
				GCC_NO_COMMON_BLOCKS = YES;
				GCC_WARN_64_TO_32_BIT_CONVERSION = YES;
				GCC_WARN_ABOUT_RETURN_TYPE = YES_ERROR;
				GCC_WARN_UNDECLARED_SELECTOR = YES;
				GCC_WARN_UNINITIALIZED_AUTOS = YES_AGGRESSIVE;
				GCC_WARN_UNUSED_FUNCTION = YES;
				GCC_WARN_UNUSED_VARIABLE = YES;
				IPHONEOS_DEPLOYMENT_TARGET = 11.1;
				MTL_ENABLE_DEBUG_INFO = NO;
				SDKROOT = iphoneos;
				SWIFT_OPTIMIZATION_LEVEL = "-Owholemodule";
				VALIDATE_PRODUCT = YES;
			};
			name = Release;
		};
		1D8ED5D91FB50DF80008ACF3 /* Debug */ = {
			isa = XCBuildConfiguration;
			buildSettings = {
				ASSETCATALOG_COMPILER_APPICON_NAME = AppIcon;
				CODE_SIGN_STYLE = Automatic;
				DEVELOPMENT_TEAM = 92PSJG8X7K;
				INFOPLIST_FILE = AudioTestApp/Info.plist;
				LD_RUNPATH_SEARCH_PATHS = "$(inherited) @executable_path/Frameworks";
				PRODUCT_BUNDLE_IDENTIFIER = com.tro.AudioTestApp;
				PRODUCT_NAME = "$(TARGET_NAME)";
				SWIFT_VERSION = 4.0;
				TARGETED_DEVICE_FAMILY = "1,2";
			};
			name = Debug;
		};
		1D8ED5DA1FB50DF80008ACF3 /* Release */ = {
			isa = XCBuildConfiguration;
			buildSettings = {
				ASSETCATALOG_COMPILER_APPICON_NAME = AppIcon;
				CODE_SIGN_STYLE = Automatic;
				DEVELOPMENT_TEAM = 92PSJG8X7K;
				INFOPLIST_FILE = AudioTestApp/Info.plist;
				LD_RUNPATH_SEARCH_PATHS = "$(inherited) @executable_path/Frameworks";
				PRODUCT_BUNDLE_IDENTIFIER = com.tro.AudioTestApp;
				PRODUCT_NAME = "$(TARGET_NAME)";
				SWIFT_VERSION = 4.0;
				TARGETED_DEVICE_FAMILY = "1,2";
			};
			name = Release;
		};
		1D8ED5DC1FB50DF80008ACF3 /* Debug */ = {
			isa = XCBuildConfiguration;
			buildSettings = {
				ALWAYS_EMBED_SWIFT_STANDARD_LIBRARIES = YES;
				BUNDLE_LOADER = "$(TEST_HOST)";
				CODE_SIGN_STYLE = Automatic;
				DEVELOPMENT_TEAM = 92PSJG8X7K;
				INFOPLIST_FILE = AudioTestAppTests/Info.plist;
				LD_RUNPATH_SEARCH_PATHS = "$(inherited) @executable_path/Frameworks @loader_path/Frameworks";
				PRODUCT_BUNDLE_IDENTIFIER = com.tro.AudioTestAppTests;
				PRODUCT_NAME = "$(TARGET_NAME)";
				SWIFT_VERSION = 4.0;
				TARGETED_DEVICE_FAMILY = "1,2";
				TEST_HOST = "$(BUILT_PRODUCTS_DIR)/AudioTestApp.app/AudioTestApp";
			};
			name = Debug;
		};
		1D8ED5DD1FB50DF80008ACF3 /* Release */ = {
			isa = XCBuildConfiguration;
			buildSettings = {
				ALWAYS_EMBED_SWIFT_STANDARD_LIBRARIES = YES;
				BUNDLE_LOADER = "$(TEST_HOST)";
				CODE_SIGN_STYLE = Automatic;
				DEVELOPMENT_TEAM = 92PSJG8X7K;
				INFOPLIST_FILE = AudioTestAppTests/Info.plist;
				LD_RUNPATH_SEARCH_PATHS = "$(inherited) @executable_path/Frameworks @loader_path/Frameworks";
				PRODUCT_BUNDLE_IDENTIFIER = com.tro.AudioTestAppTests;
				PRODUCT_NAME = "$(TARGET_NAME)";
				SWIFT_VERSION = 4.0;
				TARGETED_DEVICE_FAMILY = "1,2";
				TEST_HOST = "$(BUILT_PRODUCTS_DIR)/AudioTestApp.app/AudioTestApp";
			};
			name = Release;
		};
		1D8ED5DF1FB50DF80008ACF3 /* Debug */ = {
			isa = XCBuildConfiguration;
			buildSettings = {
				ALWAYS_EMBED_SWIFT_STANDARD_LIBRARIES = YES;
				CODE_SIGN_STYLE = Automatic;
				DEVELOPMENT_TEAM = 92PSJG8X7K;
				INFOPLIST_FILE = AudioTestAppUITests/Info.plist;
				LD_RUNPATH_SEARCH_PATHS = "$(inherited) @executable_path/Frameworks @loader_path/Frameworks";
				PRODUCT_BUNDLE_IDENTIFIER = com.tro.AudioTestAppUITests;
				PRODUCT_NAME = "$(TARGET_NAME)";
				SWIFT_VERSION = 4.0;
				TARGETED_DEVICE_FAMILY = "1,2";
				TEST_TARGET_NAME = AudioTestApp;
			};
			name = Debug;
		};
		1D8ED5E01FB50DF80008ACF3 /* Release */ = {
			isa = XCBuildConfiguration;
			buildSettings = {
				ALWAYS_EMBED_SWIFT_STANDARD_LIBRARIES = YES;
				CODE_SIGN_STYLE = Automatic;
				DEVELOPMENT_TEAM = 92PSJG8X7K;
				INFOPLIST_FILE = AudioTestAppUITests/Info.plist;
				LD_RUNPATH_SEARCH_PATHS = "$(inherited) @executable_path/Frameworks @loader_path/Frameworks";
				PRODUCT_BUNDLE_IDENTIFIER = com.tro.AudioTestAppUITests;
				PRODUCT_NAME = "$(TARGET_NAME)";
				SWIFT_VERSION = 4.0;
				TARGETED_DEVICE_FAMILY = "1,2";
				TEST_TARGET_NAME = AudioTestApp;
			};
			name = Release;
		};
/* End XCBuildConfiguration section */

/* Begin XCConfigurationList section */
		1D8ED5A81FB50DF80008ACF3 /* Build configuration list for PBXProject "AudioTestApp" */ = {
			isa = XCConfigurationList;
			buildConfigurations = (
				1D8ED5D61FB50DF80008ACF3 /* Debug */,
				1D8ED5D71FB50DF80008ACF3 /* Release */,
			);
			defaultConfigurationIsVisible = 0;
			defaultConfigurationName = Release;
		};
		1D8ED5D81FB50DF80008ACF3 /* Build configuration list for PBXNativeTarget "AudioTestApp" */ = {
			isa = XCConfigurationList;
			buildConfigurations = (
				1D8ED5D91FB50DF80008ACF3 /* Debug */,
				1D8ED5DA1FB50DF80008ACF3 /* Release */,
			);
			defaultConfigurationIsVisible = 0;
			defaultConfigurationName = Release;
		};
		1D8ED5DB1FB50DF80008ACF3 /* Build configuration list for PBXNativeTarget "AudioTestAppTests" */ = {
			isa = XCConfigurationList;
			buildConfigurations = (
				1D8ED5DC1FB50DF80008ACF3 /* Debug */,
				1D8ED5DD1FB50DF80008ACF3 /* Release */,
			);
			defaultConfigurationIsVisible = 0;
			defaultConfigurationName = Release;
		};
		1D8ED5DE1FB50DF80008ACF3 /* Build configuration list for PBXNativeTarget "AudioTestAppUITests" */ = {
			isa = XCConfigurationList;
			buildConfigurations = (
				1D8ED5DF1FB50DF80008ACF3 /* Debug */,
				1D8ED5E01FB50DF80008ACF3 /* Release */,
			);
			defaultConfigurationIsVisible = 0;
			defaultConfigurationName = Release;
		};
/* End XCConfigurationList section */

/* Begin XCVersionGroup section */
		1D8ED5B71FB50DF80008ACF3 /* AudioTestApp.xcdatamodeld */ = {
			isa = XCVersionGroup;
			children = (
				1D8ED5B81FB50DF80008ACF3 /* AudioTestApp.xcdatamodel */,
			);
			currentVersion = 1D8ED5B81FB50DF80008ACF3 /* AudioTestApp.xcdatamodel */;
			path = AudioTestApp.xcdatamodeld;
			sourceTree = "<group>";
			versionGroupType = wrapper.xcdatamodel;
		};
/* End XCVersionGroup section */
	};
	rootObject = 1D8ED5A51FB50DF80008ACF3 /* Project object */;
}
